{
  "version": 1,
  "written": "2026-09-30T01:21:24.516Z",
  "scope": "project",
  "items": [
    {
      "kind": "mcp",
      "host": "claude-code",
      "name": "smallprint",
      "canonicalName": "npm:smallprint-mcp",
      "version": "0.2.5"
    }
  ],
  "files": [
    {
      "path": ".mcp.json",
      "kind": "Claude Code MCP servers, project",
      "sha256": "44136fa355b3678a1146ad16f7e8649e94fb4fc21fe77e8310c060f61caaff8a"
    }
  ]
}
