{
  "version": 1,
  "written": "2026-10-04T15:54:44.384Z",
  "scope": "project",
  "items": [
    {
      "kind": "mcp",
      "host": "claude-code",
      "name": "smallprint",
      "canonicalName": "npm:smallprint-mcp",
      "version": "0.2.5",
      "recordSha256": "a73619aca190fb0341c00adf728a61b94b01c9781c6730927a46fd3a9fd1979f"
    }
  ],
  "files": [
    {
      "path": ".mcp.json",
      "kind": "Claude Code MCP servers, project",
      "sha256": "2f452942878fa7707396a3806c9c1477bca54657a0c4c5b80f4cf0537bb417b7"
    }
  ]
}
